{
  "name": "swatch-board",
  "version": "1.0.0",
  "lockfileVersion": 1,
  "requires": true,
  "dependencies": {
    "fswin": {
      "version": "3.18.918",
      "resolved": "https://registry.npmjs.org/fswin/-/fswin-3.18.918.tgz",
      "integrity": "sha512-9dwdStHWoL25DJiQ4jG/No9vBeKB+BVTLDuvXfNtVP5jf4j9zpBnje8gb5xpAqXN59wV7n8RSdDaGhhVzf7/ZA=="
    },
    "hidefile": {
      "version": "3.0.0",
      "resolved": "https://registry.npmjs.org/hidefile/-/hidefile-3.0.0.tgz",
      "integrity": "sha512-AvJ9joE59PQPGOB78smS63K60KKpTK5GBIagupfK9Hw6zpA0JKba2D9uAnDycaI8/bN30ltHWGZVXIkQ4BU6oA==",
      "requires": {
        "winattr": "^3.0.0"
      }
    },
    "junk": {
      "version": "3.1.0",
      "resolved": "https://registry.npmjs.org/junk/-/junk-3.1.0.tgz",
      "integrity": "sha512-pBxcB3LFc8QVgdggvZWyeys+hnrNWg4OcZIU/1X59k5jQdLBlCsYGRQaz234SqoRLTCgMH00fY0xRJH+F9METQ=="
    },
    "minimist": {
      "version": "1.2.0",
      "resolved": "https://registry.npmjs.org/minimist/-/minimist-1.2.0.tgz",
      "integrity": "sha1-o1AIsg9BOD7sH7kU9M1d95omQoQ="
    },
    "winattr": {
      "version": "3.0.0",
      "resolved": "https://registry.npmjs.org/winattr/-/winattr-3.0.0.tgz",
      "integrity": "sha512-dt33rYsTYcGbB+I1ubB6ZLODibRSCW//TgY/SuajLllR9kHnHnbUMqnXIe0osYsXUdRLGs770zb3t9z/ScGUpw==",
      "requires": {
        "fswin": "^3.18.918"
      }
    }
  }
}
